
Microsoft Visual Studio Solution File, Format Version 12.00
# Visual Studio Version 16
VisualStudioVersion = 16.0.30002.166
MinimumVisualStudioVersion = 10.0.40219.1
Project("{FAE04EC0-301F-11D3-BF4B-00C04F79EFBC}") = "CarPoolWebApplication", "WebApplication1\CarPoolWebApplication.csproj", "{76FDEB56-1553-44AC-92C0-DD868027E48D}"
EndProject
Project("{FAE04EC0-301F-11D3-BF4B-00C04F79EFBC}") = "CarPoolWebApplication.Models", "CarPoolWebApplication.Models\CarPoolWebApplication.Models.csproj", "{2A3A5487-A5FE-4C91-8059-A3EDC9CC84DD}"
EndProject
Project("{FAE04EC0-301F-11D3-BF4B-00C04F79EFBC}") = "CarPoolWebApplication.Services", "CarPoolWebApplication.Services\CarPoolWebApplication.Services.csproj", "{DD7AB8F9-7F55-4B1D-8D01-4C7D85ACCA47}"
EndProject
Global
	GlobalSection(SolutionConfigurationPlatforms) = preSolution
		Debug|Any CPU = Debug|Any CPU
		Release|Any CPU = Release|Any CPU
	EndGlobalSection
	GlobalSection(ProjectConfigurationPlatforms) = postSolution
		{76FDEB56-1553-44AC-92C0-DD868027E48D}.Debug|Any CPU.ActiveCfg = Debug|Any CPU
		{76FDEB56-1553-44AC-92C0-DD868027E48D}.Debug|Any CPU.Build.0 = Debug|Any CPU
		{76FDEB56-1553-44AC-92C0-DD868027E48D}.Release|Any CPU.ActiveCfg = Release|Any CPU
		{76FDEB56-1553-44AC-92C0-DD868027E48D}.Release|Any CPU.Build.0 = Release|Any CPU
		{2A3A5487-A5FE-4C91-8059-A3EDC9CC84DD}.Debug|Any CPU.ActiveCfg = Debug|Any CPU
		{2A3A5487-A5FE-4C91-8059-A3EDC9CC84DD}.Debug|Any CPU.Build.0 = Debug|Any CPU
		{2A3A5487-A5FE-4C91-8059-A3EDC9CC84DD}.Release|Any CPU.ActiveCfg = Release|Any CPU
		{2A3A5487-A5FE-4C91-8059-A3EDC9CC84DD}.Release|Any CPU.Build.0 = Release|Any CPU
		{DD7AB8F9-7F55-4B1D-8D01-4C7D85ACCA47}.Debug|Any CPU.ActiveCfg = Debug|Any CPU
		{DD7AB8F9-7F55-4B1D-8D01-4C7D85ACCA47}.Debug|Any CPU.Build.0 = Debug|Any CPU
		{DD7AB8F9-7F55-4B1D-8D01-4C7D85ACCA47}.Release|Any CPU.ActiveCfg = Release|Any CPU
		{DD7AB8F9-7F55-4B1D-8D01-4C7D85ACCA47}.Release|Any CPU.Build.0 = Release|Any CPU
	EndGlobalSection
	GlobalSection(SolutionProperties) = preSolution
		HideSolutionNode = FALSE
	EndGlobalSection
	GlobalSection(ExtensibilityGlobals) = postSolution
		SolutionGuid = {327580BE-6A18-4FD0-A19B-85964EE165F2}
	EndGlobalSection
EndGlobal
